// !$*UTF8*$!
{
	archiveVersion = 1;
	classes = {
	};
	objectVersion = 50;
	objects = {

/* Begin PBXBuildFile section */
		09095C3439AFFB1CBD771A30 /* libPods-ACBScanner.a in Frameworks */ = {isa = PBXBuildFile; fileRef = 54E8CC2798EAFBEDF228DC6E /* libPods-ACBScanner.a */; };
		6F3FBD44229833B400E3B97C /* CenterMachineSettingViewController.m in Sources */ = {isa = PBXBuildFile; fileRef = 6F3FBD42229833B400E3B97C /* CenterMachineSettingViewController.m */; };
		6F3FBD45229833B400E3B97C /* CenterMachineSettingViewController.xib in Resources */ = {isa = PBXBuildFile; fileRef = 6F3FBD43229833B400E3B97C /* CenterMachineSettingViewController.xib */; };
		6F3FBD532298EAE600E3B97C /* ACBScannerCongfig.m in Sources */ = {isa = PBXBuildFile; fileRef = 6F3FBD522298EAE600E3B97C /* ACBScannerCongfig.m */; };
		6F3FBD57229901A500E3B97C /* Podfile in Resources */ = {isa = PBXBuildFile; fileRef = 6F3FBD56229901A500E3B97C /* Podfile */; };
		6F3FBD5B22993BE800E3B97C /* CodeTableViewCell.m in Sources */ = {isa = PBXBuildFile; fileRef = 6F3FBD5922993BE800E3B97C /* CodeTableViewCell.m */; };
		6F3FBD5C22993BE800E3B97C /* CodeTableViewCell.xib in Resources */ = {isa = PBXBuildFile; fileRef = 6F3FBD5A22993BE800E3B97C /* CodeTableViewCell.xib */; };
		6F3FBD632299611400E3B97C /* ACBScannerManager.m in Sources */ = {isa = PBXBuildFile; fileRef = 6F3FBD622299611400E3B97C /* ACBScannerManager.m */; };
		6F3FBD67229A7BAF00E3B97C /* PeripheralSettingViewController.m in Sources */ = {isa = PBXBuildFile; fileRef = 6F3FBD65229A7BAF00E3B97C /* PeripheralSettingViewController.m */; };
		6F3FBD68229A7BAF00E3B97C /* PeripheralSettingViewController.xib in Resources */ = {isa = PBXBuildFile; fileRef = 6F3FBD66229A7BAF00E3B97C /* PeripheralSettingViewController.xib */; };
		6F8844E822ABA81D00E8AC49 /* ServiceAddressSettingViewController.m in Sources */ = {isa = PBXBuildFile; fileRef = 6F8844E622ABA81D00E8AC49 /* ServiceAddressSettingViewController.m */; };
		6F8844E922ABA81D00E8AC49 /* ServiceAddressSettingViewController.xib in Resources */ = {isa = PBXBuildFile; fileRef = 6F8844E722ABA81D00E8AC49 /* ServiceAddressSettingViewController.xib */; };
		6FB6A9F722AC3906009E41B3 /* func.list in Resources */ = {isa = PBXBuildFile; fileRef = 6FB6A9F622AC3906009E41B3 /* func.list */; };
		B75002FD229D1B7400C070CC /* CenterCongfig.m in Sources */ = {isa = PBXBuildFile; fileRef = B75002FC229D1B7400C070CC /* CenterCongfig.m */; };
		B7500300229D1B8200C070CC /* ScannerOperator.m in Sources */ = {isa = PBXBuildFile; fileRef = B75002FF229D1B8200C070CC /* ScannerOperator.m */; };
		B7500303229D1B9300C070CC /* PeripheralCongfig.m in Sources */ = {isa = PBXBuildFile; fileRef = B7500302229D1B9300C070CC /* PeripheralCongfig.m */; };
		B752D1C3229696290035712F /* AppDelegate.m in Sources */ = {isa = PBXBuildFile; fileRef = B752D1C2229696290035712F /* AppDelegate.m */; };
		B752D1C6229696290035712F /* ViewController.m in Sources */ = {isa = PBXBuildFile; fileRef = B752D1C5229696290035712F /* ViewController.m */; };
		B752D1C9229696290035712F /* Main.storyboard in Resources */ = {isa = PBXBuildFile; fileRef = B752D1C7229696290035712F /* Main.storyboard */; };
		B752D1CB2296962A0035712F /* Assets.xcassets in Resources */ = {isa = PBXBuildFile; fileRef = B752D1CA2296962A0035712F /* Assets.xcassets */; };
		B752D1CE2296962A0035712F /* LaunchScreen.storyboard in Resources */ = {isa = PBXBuildFile; fileRef = B752D1CC2296962A0035712F /* LaunchScreen.storyboard */; };
		B752D1D12296962A0035712F /* main.m in Sources */ = {isa = PBXBuildFile; fileRef = B752D1D02296962A0035712F /* main.m */; };
		B752D1DB2296962A0035712F /* ACBScannerTests.m in Sources */ = {isa = PBXBuildFile; fileRef = B752D1DA2296962A0035712F /* ACBScannerTests.m */; };
		B752D1E62296962A0035712F /* ACBScannerUITests.m in Sources */ = {isa = PBXBuildFile; fileRef = B752D1E52296962A0035712F /* ACBScannerUITests.m */; };
		B752D1F522969D8B0035712F /* CenterMachineTableViewController.m in Sources */ = {isa = PBXBuildFile; fileRef = B752D1F422969D8B0035712F /* CenterMachineTableViewController.m */; };
		B752D1F822969E930035712F /* PeripheralMachineTableViewController.m in Sources */ = {isa = PBXBuildFile; fileRef = B752D1F722969E930035712F /* PeripheralMachineTableViewController.m */; };
		B76484FF22A8E9EB006A276B /* SettingViewController.m in Sources */ = {isa = PBXBuildFile; fileRef = B76484FE22A8E9EB006A276B /* SettingViewController.m */; };
		B764850222A8FF13006A276B /* WKWebViewController.m in Sources */ = {isa = PBXBuildFile; fileRef = B764850122A8FF13006A276B /* WKWebViewController.m */; };
/* End PBXBuildFile section */

/* Begin PBXContainerItemProxy section */
		B752D1D72296962A0035712F /* PBXContainerItemProxy */ = {
			isa = PBXContainerItemProxy;
			containerPortal = B752D1B6229696290035712F /* Project object */;
			proxyType = 1;
			remoteGlobalIDString = B752D1BD229696290035712F;
			remoteInfo = ACBScanner;
		};
		B752D1E22296962A0035712F /* PBXContainerItemProxy */ = {
			isa = PBXContainerItemProxy;
			containerPortal = B752D1B6229696290035712F /* Project object */;
			proxyType = 1;
			remoteGlobalIDString = B752D1BD229696290035712F;
			remoteInfo = ACBScanner;
		};
/* End PBXContainerItemProxy section */

/* Begin PBXFileReference section */
		54E8CC2798EAFBEDF228DC6E /* libPods-ACBScanner.a */ = {isa = PBXFileReference; explicitFileType = archive.ar; includeInIndex = 0; path = "libPods-ACBScanner.a"; sourceTree = BUILT_PRODUCTS_DIR; };
		646E7A9012C8F24E3667D49C /* Pods-ACBScanner.release.xcconfig */ = {isa = PBXFileReference; includeInIndex = 1; lastKnownFileType = text.xcconfig; name = "Pods-ACBScanner.release.xcconfig"; path = "Pods/Target Support Files/Pods-ACBScanner/Pods-ACBScanner.release.xcconfig"; sourceTree = "<group>"; };
		6F3FBD41229833B400E3B97C /* CenterMachineSettingViewController.h */ = {isa = PBXFileReference; lastKnownFileType = sourcecode.c.h; path = CenterMachineSettingViewController.h; sourceTree = "<group>"; };
		6F3FBD42229833B400E3B97C /* CenterMachineSettingViewController.m */ = {isa = PBXFileReference; lastKnownFileType = sourcecode.c.objc; path = CenterMachineSettingViewController.m; sourceTree = "<group>"; };
		6F3FBD43229833B400E3B97C /* CenterMachineSettingViewController.xib */ = {isa = PBXFileReference; lastKnownFileType = file.xib; path = CenterMachineSettingViewController.xib; sourceTree = "<group>"; };
		6F3FBD512298EAE600E3B97C /* ACBScannerCongfig.h */ = {isa = PBXFileReference; lastKnownFileType = sourcecode.c.h; path = ACBScannerCongfig.h; sourceTree = "<group>"; };
		6F3FBD522298EAE600E3B97C /* ACBScannerCongfig.m */ = {isa = PBXFileReference; lastKnownFileType = sourcecode.c.objc; path = ACBScannerCongfig.m; sourceTree = "<group>"; };
		6F3FBD56229901A500E3B97C /* Podfile */ = {isa = PBXFileReference; fileEncoding = 4; lastKnownFileType = text; path = Podfile; sourceTree = SOURCE_ROOT; xcLanguageSpecificationIdentifier = xcode.lang.ruby; };
		6F3FBD5822993BE800E3B97C /* CodeTableViewCell.h */ = {isa = PBXFileReference; lastKnownFileType = sourcecode.c.h; path = CodeTableViewCell.h; sourceTree = "<group>"; };
		6F3FBD5922993BE800E3B97C /* CodeTableViewCell.m */ = {isa = PBXFileReference; lastKnownFileType = sourcecode.c.objc; path = CodeTableViewCell.m; sourceTree = "<group>"; };
		6F3FBD5A22993BE800E3B97C /* CodeTableViewCell.xib */ = {isa = PBXFileReference; lastKnownFileType = file.xib; path = CodeTableViewCell.xib; sourceTree = "<group>"; };
		6F3FBD612299611400E3B97C /* ACBScannerManager.h */ = {isa = PBXFileReference; lastKnownFileType = sourcecode.c.h; path = ACBScannerManager.h; sourceTree = "<group>"; };
		6F3FBD622299611400E3B97C /* ACBScannerManager.m */ = {isa = PBXFileReference; lastKnownFileType = sourcecode.c.objc; path = ACBScannerManager.m; sourceTree = "<group>"; };
		6F3FBD64229A7BAF00E3B97C /* PeripheralSettingViewController.h */ = {isa = PBXFileReference; lastKnownFileType = sourcecode.c.h; path = PeripheralSettingViewController.h; sourceTree = "<group>"; };
		6F3FBD65229A7BAF00E3B97C /* PeripheralSettingViewController.m */ = {isa = PBXFileReference; lastKnownFileType = sourcecode.c.objc; path = PeripheralSettingViewController.m; sourceTree = "<group>"; };
		6F3FBD66229A7BAF00E3B97C /* PeripheralSettingViewController.xib */ = {isa = PBXFileReference; lastKnownFileType = file.xib; path = PeripheralSettingViewController.xib; sourceTree = "<group>"; };
		6F8844E522ABA81D00E8AC49 /* ServiceAddressSettingViewController.h */ = {isa = PBXFileReference; lastKnownFileType = sourcecode.c.h; path = ServiceAddressSettingViewController.h; sourceTree = "<group>"; };
		6F8844E622ABA81D00E8AC49 /* ServiceAddressSettingViewController.m */ = {isa = PBXFileReference; lastKnownFileType = sourcecode.c.objc; path = ServiceAddressSettingViewController.m; sourceTree = "<group>"; };
		6F8844E722ABA81D00E8AC49 /* ServiceAddressSettingViewController.xib */ = {isa = PBXFileReference; lastKnownFileType = file.xib; path = ServiceAddressSettingViewController.xib; sourceTree = "<group>"; };
		6FB6A9F422AC380B009E41B3 /* confuse.sh */ = {isa = PBXFileReference; lastKnownFileType = text.script.sh; path = confuse.sh; sourceTree = "<group>"; };
		6FB6A9F622AC3906009E41B3 /* func.list */ = {isa = PBXFileReference; lastKnownFileType = text; path = func.list; sourceTree = "<group>"; };
		6FB6A9F822AC3939009E41B3 /* codeObfuscation.h */ = {isa = PBXFileReference; lastKnownFileType = sourcecode.c.h; path = codeObfuscation.h; sourceTree = "<group>"; };
		6FB6A9F922AC3A7B009E41B3 /* PrefixHeader.pch */ = {isa = PBXFileReference; lastKnownFileType = sourcecode.c.h; path = PrefixHeader.pch; sourceTree = "<group>"; };
		B75002FB229D1B7400C070CC /* CenterCongfig.h */ = {isa = PBXFileReference; lastKnownFileType = sourcecode.c.h; path = CenterCongfig.h; sourceTree = "<group>"; };
		B75002FC229D1B7400C070CC /* CenterCongfig.m */ = {isa = PBXFileReference; lastKnownFileType = sourcecode.c.objc; path = CenterCongfig.m; sourceTree = "<group>"; };
		B75002FE229D1B8200C070CC /* ScannerOperator.h */ = {isa = PBXFileReference; lastKnownFileType = sourcecode.c.h; path = ScannerOperator.h; sourceTree = "<group>"; };
		B75002FF229D1B8200C070CC /* ScannerOperator.m */ = {isa = PBXFileReference; lastKnownFileType = sourcecode.c.objc; path = ScannerOperator.m; sourceTree = "<group>"; };
		B7500301229D1B9300C070CC /* PeripheralCongfig.h */ = {isa = PBXFileReference; lastKnownFileType = sourcecode.c.h; path = PeripheralCongfig.h; sourceTree = "<group>"; };
		B7500302229D1B9300C070CC /* PeripheralCongfig.m */ = {isa = PBXFileReference; lastKnownFileType = sourcecode.c.objc; path = PeripheralCongfig.m; sourceTree = "<group>"; };
		B752D1BE229696290035712F /* ACBScanner.app */ = {isa = PBXFileReference; explicitFileType = wrapper.application; includeInIndex = 0; path = ACBScanner.app; sourceTree = BUILT_PRODUCTS_DIR; };
		B752D1C1229696290035712F /* AppDelegate.h */ = {isa = PBXFileReference; lastKnownFileType = sourcecode.c.h; path = AppDelegate.h; sourceTree = "<group>"; };
		B752D1C2229696290035712F /* AppDelegate.m */ = {isa = PBXFileReference; lastKnownFileType = sourcecode.c.objc; path = AppDelegate.m; sourceTree = "<group>"; };
		B752D1C4229696290035712F /* ViewController.h */ = {isa = PBXFileReference; lastKnownFileType = sourcecode.c.h; path = ViewController.h; sourceTree = "<group>"; };
		B752D1C5229696290035712F /* ViewController.m */ = {isa = PBXFileReference; lastKnownFileType = sourcecode.c.objc; path = ViewController.m; sourceTree = "<group>"; };
		B752D1C8229696290035712F /* Base */ = {isa = PBXFileReference; lastKnownFileType = file.storyboard; name = Base; path = Base.lproj/Main.storyboard; sourceTree = "<group>"; };
		B752D1CA2296962A0035712F /* Assets.xcassets */ = {isa = PBXFileReference; lastKnownFileType = folder.assetcatalog; path = Assets.xcassets; sourceTree = "<group>"; };
		B752D1CD2296962A0035712F /* Base */ = {isa = PBXFileReference; lastKnownFileType = file.storyboard; name = Base; path = Base.lproj/LaunchScreen.storyboard; sourceTree = "<group>"; };
		B752D1CF2296962A0035712F /* Info.plist */ = {isa = PBXFileReference; lastKnownFileType = text.plist.xml; path = Info.plist; sourceTree = "<group>"; };
		B752D1D02296962A0035712F /* main.m */ = {isa = PBXFileReference; lastKnownFileType = sourcecode.c.objc; path = main.m; sourceTree = "<group>"; };
		B752D1D62296962A0035712F /* ACBScannerTests.xctest */ = {isa = PBXFileReference; explicitFileType = wrapper.cfbundle; includeInIndex = 0; path = ACBScannerTests.xctest; sourceTree = BUILT_PRODUCTS_DIR; };
		B752D1DA2296962A0035712F /* ACBScannerTests.m */ = {isa = PBXFileReference; lastKnownFileType = sourcecode.c.objc; path = ACBScannerTests.m; sourceTree = "<group>"; };
		B752D1DC2296962A0035712F /* Info.plist */ = {isa = PBXFileReference; lastKnownFileType = text.plist.xml; path = Info.plist; sourceTree = "<group>"; };
		B752D1E12296962A0035712F /* ACBScannerUITests.xctest */ = {isa = PBXFileReference; explicitFileType = wrapper.cfbundle; includeInIndex = 0; path = ACBScannerUITests.xctest; sourceTree = BUILT_PRODUCTS_DIR; };
		B752D1E52296962A0035712F /* ACBScannerUITests.m */ = {isa = PBXFileReference; lastKnownFileType = sourcecode.c.objc; path = ACBScannerUITests.m; sourceTree = "<group>"; };
		B752D1E72296962A0035712F /* Info.plist */ = {isa = PBXFileReference; lastKnownFileType = text.plist.xml; path = Info.plist; sourceTree = "<group>"; };
		B752D1F322969D8B0035712F /* CenterMachineTableViewController.h */ = {isa = PBXFileReference; lastKnownFileType = sourcecode.c.h; path = CenterMachineTableViewController.h; sourceTree = "<group>"; };
		B752D1F422969D8B0035712F /* CenterMachineTableViewController.m */ = {isa = PBXFileReference; lastKnownFileType = sourcecode.c.objc; path = CenterMachineTableViewController.m; sourceTree = "<group>"; };
		B752D1F622969E930035712F /* PeripheralMachineTableViewController.h */ = {isa = PBXFileReference; lastKnownFileType = sourcecode.c.h; path = PeripheralMachineTableViewController.h; sourceTree = "<group>"; };
		B752D1F722969E930035712F /* PeripheralMachineTableViewController.m */ = {isa = PBXFileReference; lastKnownFileType = sourcecode.c.objc; path = PeripheralMachineTableViewController.m; sourceTree = "<group>"; };
		B76484FD22A8E9EB006A276B /* SettingViewController.h */ = {isa = PBXFileReference; lastKnownFileType = sourcecode.c.h; path = SettingViewController.h; sourceTree = "<group>"; };
		B76484FE22A8E9EB006A276B /* SettingViewController.m */ = {isa = PBXFileReference; lastKnownFileType = sourcecode.c.objc; path = SettingViewController.m; sourceTree = "<group>"; };
		B764850022A8FF13006A276B /* WKWebViewController.h */ = {isa = PBXFileReference; lastKnownFileType = sourcecode.c.h; path = WKWebViewController.h; sourceTree = "<group>"; };
		B764850122A8FF13006A276B /* WKWebViewController.m */ = {isa = PBXFileReference; lastKnownFileType = sourcecode.c.objc; path = WKWebViewController.m; sourceTree = "<group>"; };
		D328451ED3B647DB1A71BA0A /* Pods-ACBScanner.debug.xcconfig */ = {isa = PBXFileReference; includeInIndex = 1; lastKnownFileType = text.xcconfig; name = "Pods-ACBScanner.debug.xcconfig"; path = "Pods/Target Support Files/Pods-ACBScanner/Pods-ACBScanner.debug.xcconfig"; sourceTree = "<group>"; };
/* End PBXFileReference section */

/* Begin PBXFrameworksBuildPhase section */
		B752D1BB229696290035712F /* Frameworks */ = {
			isa = PBXFrameworksBuildPhase;
			buildActionMask = 2147483647;
			files = (
				09095C3439AFFB1CBD771A30 /* libPods-ACBScanner.a in Frameworks */,
			);
			runOnlyForDeploymentPostprocessing = 0;
		};
		B752D1D32296962A0035712F /* Frameworks */ = {
			isa = PBXFrameworksBuildPhase;
			buildActionMask = 2147483647;
			files = (
			);
			runOnlyForDeploymentPostprocessing = 0;
		};
		B752D1DE2296962A0035712F /* Frameworks */ = {
			isa = PBXFrameworksBuildPhase;
			buildActionMask = 2147483647;
			files = (
			);
			runOnlyForDeploymentPostprocessing = 0;
		};
/* End PBXFrameworksBuildPhase section */

/* Begin PBXGroup section */
		0BB5108209B2A0A462515C47 /* Frameworks */ = {
			isa = PBXGroup;
			children = (
				54E8CC2798EAFBEDF228DC6E /* libPods-ACBScanner.a */,
			);
			name = Frameworks;
			sourceTree = "<group>";
		};
		6F3FBD6022995D5400E3B97C /* ACBScannerCore */ = {
			isa = PBXGroup;
			children = (
				6F3FBD612299611400E3B97C /* ACBScannerManager.h */,
				6F3FBD622299611400E3B97C /* ACBScannerManager.m */,
				6F3FBD512298EAE600E3B97C /* ACBScannerCongfig.h */,
				6F3FBD522298EAE600E3B97C /* ACBScannerCongfig.m */,
				B75002FB229D1B7400C070CC /* CenterCongfig.h */,
				B75002FC229D1B7400C070CC /* CenterCongfig.m */,
				B75002FE229D1B8200C070CC /* ScannerOperator.h */,
				B75002FF229D1B8200C070CC /* ScannerOperator.m */,
				B7500301229D1B9300C070CC /* PeripheralCongfig.h */,
				B7500302229D1B9300C070CC /* PeripheralCongfig.m */,
			);
			path = ACBScannerCore;
			sourceTree = "<group>";
		};
		6FB6A9F322AC37B3009E41B3 /* CodeObfuscation */ = {
			isa = PBXGroup;
			children = (
				6FB6A9F422AC380B009E41B3 /* confuse.sh */,
				6FB6A9F622AC3906009E41B3 /* func.list */,
				6FB6A9F822AC3939009E41B3 /* codeObfuscation.h */,
			);
			path = CodeObfuscation;
			sourceTree = "<group>";
		};
		71AE6D595C34F8A0AF1591CC /* Pods */ = {
			isa = PBXGroup;
			children = (
				D328451ED3B647DB1A71BA0A /* Pods-ACBScanner.debug.xcconfig */,
				646E7A9012C8F24E3667D49C /* Pods-ACBScanner.release.xcconfig */,
			);
			name = Pods;
			sourceTree = "<group>";
		};
		B7500304229D5AC600C070CC /* ACBScannerUI */ = {
			isa = PBXGroup;
			children = (
				B76484F222A8E536006A276B /* Setting */,
				B7500306229D5BB900C070CC /* PeripheralMachine */,
				B7500305229D5B9B00C070CC /* CenterMachine */,
				6F3FBD5822993BE800E3B97C /* CodeTableViewCell.h */,
				6F3FBD5922993BE800E3B97C /* CodeTableViewCell.m */,
				6F3FBD5A22993BE800E3B97C /* CodeTableViewCell.xib */,
				B764850022A8FF13006A276B /* WKWebViewController.h */,
				B764850122A8FF13006A276B /* WKWebViewController.m */,
			);
			path = ACBScannerUI;
			sourceTree = "<group>";
		};
		B7500305229D5B9B00C070CC /* CenterMachine */ = {
			isa = PBXGroup;
			children = (
				B752D1F322969D8B0035712F /* CenterMachineTableViewController.h */,
				B752D1F422969D8B0035712F /* CenterMachineTableViewController.m */,
			);
			path = CenterMachine;
			sourceTree = "<group>";
		};
		B7500306229D5BB900C070CC /* PeripheralMachine */ = {
			isa = PBXGroup;
			children = (
				B752D1F622969E930035712F /* PeripheralMachineTableViewController.h */,
				B752D1F722969E930035712F /* PeripheralMachineTableViewController.m */,
			);
			path = PeripheralMachine;
			sourceTree = "<group>";
		};
		B752D1B5229696290035712F = {
			isa = PBXGroup;
			children = (
				6FB6A9F922AC3A7B009E41B3 /* PrefixHeader.pch */,
				6FB6A9F322AC37B3009E41B3 /* CodeObfuscation */,
				B752D1C0229696290035712F /* ACBScanner */,
				B752D1D92296962A0035712F /* ACBScannerTests */,
				B752D1E42296962A0035712F /* ACBScannerUITests */,
				B752D1BF229696290035712F /* Products */,
				71AE6D595C34F8A0AF1591CC /* Pods */,
				0BB5108209B2A0A462515C47 /* Frameworks */,
			);
			sourceTree = "<group>";
		};
		B752D1BF229696290035712F /* Products */ = {
			isa = PBXGroup;
			children = (
				B752D1BE229696290035712F /* ACBScanner.app */,
				B752D1D62296962A0035712F /* ACBScannerTests.xctest */,
				B752D1E12296962A0035712F /* ACBScannerUITests.xctest */,
			);
			name = Products;
			sourceTree = "<group>";
		};
		B752D1C0229696290035712F /* ACBScanner */ = {
			isa = PBXGroup;
			children = (
				B7500304229D5AC600C070CC /* ACBScannerUI */,
				6F3FBD6022995D5400E3B97C /* ACBScannerCore */,
				B752D1C1229696290035712F /* AppDelegate.h */,
				B752D1C2229696290035712F /* AppDelegate.m */,
				B752D1C4229696290035712F /* ViewController.h */,
				B752D1C5229696290035712F /* ViewController.m */,
				B752D1C7229696290035712F /* Main.storyboard */,
				B752D1CA2296962A0035712F /* Assets.xcassets */,
				B752D1CC2296962A0035712F /* LaunchScreen.storyboard */,
				B752D1CF2296962A0035712F /* Info.plist */,
				6F3FBD56229901A500E3B97C /* Podfile */,
				B752D1D02296962A0035712F /* main.m */,
			);
			path = ACBScanner;
			sourceTree = "<group>";
		};
		B752D1D92296962A0035712F /* ACBScannerTests */ = {
			isa = PBXGroup;
			children = (
				B752D1DA2296962A0035712F /* ACBScannerTests.m */,
				B752D1DC2296962A0035712F /* Info.plist */,
			);
			path = ACBScannerTests;
			sourceTree = "<group>";
		};
		B752D1E42296962A0035712F /* ACBScannerUITests */ = {
			isa = PBXGroup;
			children = (
				B752D1E52296962A0035712F /* ACBScannerUITests.m */,
				B752D1E72296962A0035712F /* Info.plist */,
			);
			path = ACBScannerUITests;
			sourceTree = "<group>";
		};
		B76484F222A8E536006A276B /* Setting */ = {
			isa = PBXGroup;
			children = (
				6F3FBD64229A7BAF00E3B97C /* PeripheralSettingViewController.h */,
				6F3FBD65229A7BAF00E3B97C /* PeripheralSettingViewController.m */,
				6F3FBD66229A7BAF00E3B97C /* PeripheralSettingViewController.xib */,
				6F3FBD41229833B400E3B97C /* CenterMachineSettingViewController.h */,
				6F3FBD42229833B400E3B97C /* CenterMachineSettingViewController.m */,
				6F3FBD43229833B400E3B97C /* CenterMachineSettingViewController.xib */,
				6F8844E522ABA81D00E8AC49 /* ServiceAddressSettingViewController.h */,
				6F8844E622ABA81D00E8AC49 /* ServiceAddressSettingViewController.m */,
				6F8844E722ABA81D00E8AC49 /* ServiceAddressSettingViewController.xib */,
				B76484FD22A8E9EB006A276B /* SettingViewController.h */,
				B76484FE22A8E9EB006A276B /* SettingViewController.m */,
			);
			path = Setting;
			sourceTree = "<group>";
		};
/* End PBXGroup section */

/* Begin PBXNativeTarget section */
		B752D1BD229696290035712F /* ACBScanner */ = {
			isa = PBXNativeTarget;
			buildConfigurationList = B752D1EA2296962A0035712F /* Build configuration list for PBXNativeTarget "ACBScanner" */;
			buildPhases = (
				92836A82EB3478311BD64441 /* [CP] Check Pods Manifest.lock */,
				B752D1BA229696290035712F /* Sources */,
				B752D1BB229696290035712F /* Frameworks */,
				B752D1BC229696290035712F /* Resources */,
				2304C14EC1D766F3D21E0421 /* [CP] Copy Pods Resources */,
				6FB6A9F522AC3858009E41B3 /* ShellScript */,
			);
			buildRules = (
			);
			dependencies = (
			);
			name = ACBScanner;
			productName = ACBScanner;
			productReference = B752D1BE229696290035712F /* ACBScanner.app */;
			productType = "com.apple.product-type.application";
		};
		B752D1D52296962A0035712F /* ACBScannerTests */ = {
			isa = PBXNativeTarget;
			buildConfigurationList = B752D1ED2296962A0035712F /* Build configuration list for PBXNativeTarget "ACBScannerTests" */;
			buildPhases = (
				B752D1D22296962A0035712F /* Sources */,
				B752D1D32296962A0035712F /* Frameworks */,
				B752D1D42296962A0035712F /* Resources */,
			);
			buildRules = (
			);
			dependencies = (
				B752D1D82296962A0035712F /* PBXTargetDependency */,
			);
			name = ACBScannerTests;
			productName = ACBScannerTests;
			productReference = B752D1D62296962A0035712F /* ACBScannerTests.xctest */;
			productType = "com.apple.product-type.bundle.unit-test";
		};
		B752D1E02296962A0035712F /* ACBScannerUITests */ = {
			isa = PBXNativeTarget;
			buildConfigurationList = B752D1F02296962A0035712F /* Build configuration list for PBXNativeTarget "ACBScannerUITests" */;
			buildPhases = (
				B752D1DD2296962A0035712F /* Sources */,
				B752D1DE2296962A0035712F /* Frameworks */,
				B752D1DF2296962A0035712F /* Resources */,
			);
			buildRules = (
			);
			dependencies = (
				B752D1E32296962A0035712F /* PBXTargetDependency */,
			);
			name = ACBScannerUITests;
			productName = ACBScannerUITests;
			productReference = B752D1E12296962A0035712F /* ACBScannerUITests.xctest */;
			productType = "com.apple.product-type.bundle.ui-testing";
		};
/* End PBXNativeTarget section */

/* Begin PBXProject section */
		B752D1B6229696290035712F /* Project object */ = {
			isa = PBXProject;
			attributes = {
				LastUpgradeCheck = 1020;
				ORGANIZATIONNAME = "朱浪";
				TargetAttributes = {
					B752D1BD229696290035712F = {
						CreatedOnToolsVersion = 10.2.1;
					};
					B752D1D52296962A0035712F = {
						CreatedOnToolsVersion = 10.2.1;
						TestTargetID = B752D1BD229696290035712F;
					};
					B752D1E02296962A0035712F = {
						CreatedOnToolsVersion = 10.2.1;
						TestTargetID = B752D1BD229696290035712F;
					};
				};
			};
			buildConfigurationList = B752D1B9229696290035712F /* Build configuration list for PBXProject "ACBScanner" */;
			compatibilityVersion = "Xcode 9.3";
			developmentRegion = en;
			hasScannedForEncodings = 0;
			knownRegions = (
				en,
				Base,
			);
			mainGroup = B752D1B5229696290035712F;
			productRefGroup = B752D1BF229696290035712F /* Products */;
			projectDirPath = "";
			projectRoot = "";
			targets = (
				B752D1BD229696290035712F /* ACBScanner */,
				B752D1D52296962A0035712F /* ACBScannerTests */,
				B752D1E02296962A0035712F /* ACBScannerUITests */,
			);
		};
/* End PBXProject section */

/* Begin PBXResourcesBuildPhase section */
		B752D1BC229696290035712F /* Resources */ = {
			isa = PBXResourcesBuildPhase;
			buildActionMask = 2147483647;
			files = (
				B752D1CE2296962A0035712F /* LaunchScreen.storyboard in Resources */,
				6F3FBD5C22993BE800E3B97C /* CodeTableViewCell.xib in Resources */,
				B752D1CB2296962A0035712F /* Assets.xcassets in Resources */,
				6F3FBD45229833B400E3B97C /* CenterMachineSettingViewController.xib in Resources */,
				6F8844E922ABA81D00E8AC49 /* ServiceAddressSettingViewController.xib in Resources */,
				6FB6A9F722AC3906009E41B3 /* func.list in Resources */,
				6F3FBD68229A7BAF00E3B97C /* PeripheralSettingViewController.xib in Resources */,
				6F3FBD57229901A500E3B97C /* Podfile in Resources */,
				B752D1C9229696290035712F /* Main.storyboard in Resources */,
			);
			runOnlyForDeploymentPostprocessing = 0;
		};
		B752D1D42296962A0035712F /* Resources */ = {
			isa = PBXResourcesBuildPhase;
			buildActionMask = 2147483647;
			files = (
			);
			runOnlyForDeploymentPostprocessing = 0;
		};
		B752D1DF2296962A0035712F /* Resources */ = {
			isa = PBXResourcesBuildPhase;
			buildActionMask = 2147483647;
			files = (
			);
			runOnlyForDeploymentPostprocessing = 0;
		};
/* End PBXResourcesBuildPhase section */

/* Begin PBXShellScriptBuildPhase section */
		2304C14EC1D766F3D21E0421 /* [CP] Copy Pods Resources */ = {
			isa = PBXShellScriptBuildPhase;
			buildActionMask = 2147483647;
			files = (
			);
			inputFileListPaths = (
			);
			inputPaths = (
				"${SRCROOT}/Pods/Target Support Files/Pods-ACBScanner/Pods-ACBScanner-resources.sh",
				"${PODS_ROOT}/ACProgressHUD/ACProgressHUD/ACProgressHUD.bundle",
			);
			name = "[CP] Copy Pods Resources";
			outputFileListPaths = (
			);
			outputPaths = (
				"${TARGET_BUILD_DIR}/${UNLOCALIZED_RESOURCES_FOLDER_PATH}/ACProgressHUD.bundle",
			);
			runOnlyForDeploymentPostprocessing = 0;
			shellPath = /bin/sh;
			shellScript = "\"${SRCROOT}/Pods/Target Support Files/Pods-ACBScanner/Pods-ACBScanner-resources.sh\"\n";
			showEnvVarsInLog = 0;
		};
		6FB6A9F522AC3858009E41B3 /* ShellScript */ = {
			isa = PBXShellScriptBuildPhase;
			buildActionMask = 2147483647;
			files = (
			);
			inputFileListPaths = (
			);
			inputPaths = (
			);
			outputFileListPaths = (
			);
			outputPaths = (
			);
			runOnlyForDeploymentPostprocessing = 0;
			shellPath = /bin/sh;
			shellScript = "$PROJECT_DIR/CodeObfuscation/confuse.sh\n\n";
		};
		92836A82EB3478311BD64441 /* [CP] Check Pods Manifest.lock */ = {
			isa = PBXShellScriptBuildPhase;
			buildActionMask = 2147483647;
			files = (
			);
			inputPaths = (
				"${PODS_PODFILE_DIR_PATH}/Podfile.lock",
				"${PODS_ROOT}/Manifest.lock",
			);
			name = "[CP] Check Pods Manifest.lock";
			outputPaths = (
				"$(DERIVED_FILE_DIR)/Pods-ACBScanner-checkManifestLockResult.txt",
			);
			runOnlyForDeploymentPostprocessing = 0;
			shellPath = /bin/sh;
			shellScript = "diff \"${PODS_PODFILE_DIR_PATH}/Podfile.lock\" \"${PODS_ROOT}/Manifest.lock\" > /dev/null\nif [ $? != 0 ] ; then\n    # print error to STDERR\n    echo \"error: The sandbox is not in sync with the Podfile.lock. Run 'pod install' or update your CocoaPods installation.\" >&2\n    exit 1\nfi\n# This output is used by Xcode 'outputs' to avoid re-running this script phase.\necho \"SUCCESS\" > \"${SCRIPT_OUTPUT_FILE_0}\"\n";
			showEnvVarsInLog = 0;
		};
/* End PBXShellScriptBuildPhase section */

/* Begin PBXSourcesBuildPhase section */
		B752D1BA229696290035712F /* Sources */ = {
			isa = PBXSourcesBuildPhase;
			buildActionMask = 2147483647;
			files = (
				B7500300229D1B8200C070CC /* ScannerOperator.m in Sources */,
				B75002FD229D1B7400C070CC /* CenterCongfig.m in Sources */,
				6F3FBD5B22993BE800E3B97C /* CodeTableViewCell.m in Sources */,
				B76484FF22A8E9EB006A276B /* SettingViewController.m in Sources */,
				6F8844E822ABA81D00E8AC49 /* ServiceAddressSettingViewController.m in Sources */,
				6F3FBD67229A7BAF00E3B97C /* PeripheralSettingViewController.m in Sources */,
				B764850222A8FF13006A276B /* WKWebViewController.m in Sources */,
				6F3FBD44229833B400E3B97C /* CenterMachineSettingViewController.m in Sources */,
				6F3FBD532298EAE600E3B97C /* ACBScannerCongfig.m in Sources */,
				B752D1F822969E930035712F /* PeripheralMachineTableViewController.m in Sources */,
				B752D1C6229696290035712F /* ViewController.m in Sources */,
				B752D1D12296962A0035712F /* main.m in Sources */,
				B752D1F522969D8B0035712F /* CenterMachineTableViewController.m in Sources */,
				B752D1C3229696290035712F /* AppDelegate.m in Sources */,
				6F3FBD632299611400E3B97C /* ACBScannerManager.m in Sources */,
				B7500303229D1B9300C070CC /* PeripheralCongfig.m in Sources */,
			);
			runOnlyForDeploymentPostprocessing = 0;
		};
		B752D1D22296962A0035712F /* Sources */ = {
			isa = PBXSourcesBuildPhase;
			buildActionMask = 2147483647;
			files = (
				B752D1DB2296962A0035712F /* ACBScannerTests.m in Sources */,
			);
			runOnlyForDeploymentPostprocessing = 0;
		};
		B752D1DD2296962A0035712F /* Sources */ = {
			isa = PBXSourcesBuildPhase;
			buildActionMask = 2147483647;
			files = (
				B752D1E62296962A0035712F /* ACBScannerUITests.m in Sources */,
			);
			runOnlyForDeploymentPostprocessing = 0;
		};
/* End PBXSourcesBuildPhase section */

/* Begin PBXTargetDependency section */
		B752D1D82296962A0035712F /* PBXTargetDependency */ = {
			isa = PBXTargetDependency;
			target = B752D1BD229696290035712F /* ACBScanner */;
			targetProxy = B752D1D72296962A0035712F /* PBXContainerItemProxy */;
		};
		B752D1E32296962A0035712F /* PBXTargetDependency */ = {
			isa = PBXTargetDependency;
			target = B752D1BD229696290035712F /* ACBScanner */;
			targetProxy = B752D1E22296962A0035712F /* PBXContainerItemProxy */;
		};
/* End PBXTargetDependency section */

/* Begin PBXVariantGroup section */
		B752D1C7229696290035712F /* Main.storyboard */ = {
			isa = PBXVariantGroup;
			children = (
				B752D1C8229696290035712F /* Base */,
			);
			name = Main.storyboard;
			sourceTree = "<group>";
		};
		B752D1CC2296962A0035712F /* LaunchScreen.storyboard */ = {
			isa = PBXVariantGroup;
			children = (
				B752D1CD2296962A0035712F /* Base */,
			);
			name = LaunchScreen.storyboard;
			sourceTree = "<group>";
		};
/* End PBXVariantGroup section */

/* Begin XCBuildConfiguration section */
		B752D1E82296962A0035712F /* Debug */ = {
			isa = XCBuildConfiguration;
			buildSettings = {
				ALWAYS_SEARCH_USER_PATHS = NO;
				CLANG_ANALYZER_NONNULL = YES;
				CLANG_ANALYZER_NUMBER_OBJECT_CONVERSION = YES_AGGRESSIVE;
				CLANG_CXX_LANGUAGE_STANDARD = "gnu++14";
				CLANG_CXX_LIBRARY = "libc++";
				CLANG_ENABLE_MODULES = YES;
				CLANG_ENABLE_OBJC_ARC = YES;
				CLANG_ENABLE_OBJC_WEAK = YES;
				CLANG_WARN_BLOCK_CAPTURE_AUTORELEASING = YES;
				CLANG_WARN_BOOL_CONVERSION = YES;
				CLANG_WARN_COMMA = YES;
				CLANG_WARN_CONSTANT_CONVERSION = YES;
				CLANG_WARN_DEPRECATED_OBJC_IMPLEMENTATIONS = YES;
				CLANG_WARN_DIRECT_OBJC_ISA_USAGE = YES_ERROR;
				CLANG_WARN_DOCUMENTATION_COMMENTS = YES;
				CLANG_WARN_EMPTY_BODY = YES;
				CLANG_WARN_ENUM_CONVERSION = YES;
				CLANG_WARN_INFINITE_RECURSION = YES;
				CLANG_WARN_INT_CONVERSION = YES;
				CLANG_WARN_NON_LITERAL_NULL_CONVERSION = YES;
				CLANG_WARN_OBJC_IMPLICIT_RETAIN_SELF = YES;
				CLANG_WARN_OBJC_LITERAL_CONVERSION = YES;
				CLANG_WARN_OBJC_ROOT_CLASS = YES_ERROR;
				CLANG_WARN_RANGE_LOOP_ANALYSIS = YES;
				CLANG_WARN_STRICT_PROTOTYPES = YES;
				CLANG_WARN_SUSPICIOUS_MOVE = YES;
				CLANG_WARN_UNGUARDED_AVAILABILITY = YES_AGGRESSIVE;
				CLANG_WARN_UNREACHABLE_CODE = YES;
				CLANG_WARN__DUPLICATE_METHOD_MATCH = YES;
				CODE_SIGN_IDENTITY = "iPhone Developer";
				COPY_PHASE_STRIP = NO;
				DEBUG_INFORMATION_FORMAT = dwarf;
				ENABLE_STRICT_OBJC_MSGSEND = YES;
				ENABLE_TESTABILITY = YES;
				GCC_C_LANGUAGE_STANDARD = gnu11;
				GCC_DYNAMIC_NO_PIC = NO;
				GCC_NO_COMMON_BLOCKS = YES;
				GCC_OPTIMIZATION_LEVEL = 0;
				GCC_PREPROCESSOR_DEFINITIONS = (
					"DEBUG=1",
					"$(inherited)",
				);
				GCC_WARN_64_TO_32_BIT_CONVERSION = YES;
				GCC_WARN_ABOUT_RETURN_TYPE = YES_ERROR;
				GCC_WARN_UNDECLARED_SELECTOR = YES;
				GCC_WARN_UNINITIALIZED_AUTOS = YES_AGGRESSIVE;
				GCC_WARN_UNUSED_FUNCTION = YES;
				GCC_WARN_UNUSED_VARIABLE = YES;
				IPHONEOS_DEPLOYMENT_TARGET = 11.1;
				MTL_ENABLE_DEBUG_INFO = INCLUDE_SOURCE;
				MTL_FAST_MATH = YES;
				ONLY_ACTIVE_ARCH = YES;
				SDKROOT = iphoneos;
			};
			name = Debug;
		};
		B752D1E92296962A0035712F /* Release */ = {
			isa = XCBuildConfiguration;
			buildSettings = {
				ALWAYS_SEARCH_USER_PATHS = NO;
				CLANG_ANALYZER_NONNULL = YES;
				CLANG_ANALYZER_NUMBER_OBJECT_CONVERSION = YES_AGGRESSIVE;
				CLANG_CXX_LANGUAGE_STANDARD = "gnu++14";
				CLANG_CXX_LIBRARY = "libc++";
				CLANG_ENABLE_MODULES = YES;
				CLANG_ENABLE_OBJC_ARC = YES;
				CLANG_ENABLE_OBJC_WEAK = YES;
				CLANG_WARN_BLOCK_CAPTURE_AUTORELEASING = YES;
				CLANG_WARN_BOOL_CONVERSION = YES;
				CLANG_WARN_COMMA = YES;
				CLANG_WARN_CONSTANT_CONVERSION = YES;
				CLANG_WARN_DEPRECATED_OBJC_IMPLEMENTATIONS = YES;
				CLANG_WARN_DIRECT_OBJC_ISA_USAGE = YES_ERROR;
				CLANG_WARN_DOCUMENTATION_COMMENTS = YES;
				CLANG_WARN_EMPTY_BODY = YES;
				CLANG_WARN_ENUM_CONVERSION = YES;
				CLANG_WARN_INFINITE_RECURSION = YES;
				CLANG_WARN_INT_CONVERSION = YES;
				CLANG_WARN_NON_LITERAL_NULL_CONVERSION = YES;
				CLANG_WARN_OBJC_IMPLICIT_RETAIN_SELF = YES;
				CLANG_WARN_OBJC_LITERAL_CONVERSION = YES;
				CLANG_WARN_OBJC_ROOT_CLASS = YES_ERROR;
				CLANG_WARN_RANGE_LOOP_ANALYSIS = YES;
				CLANG_WARN_STRICT_PROTOTYPES = YES;
				CLANG_WARN_SUSPICIOUS_MOVE = YES;
				CLANG_WARN_UNGUARDED_AVAILABILITY = YES_AGGRESSIVE;
				CLANG_WARN_UNREACHABLE_CODE = YES;
				CLANG_WARN__DUPLICATE_METHOD_MATCH = YES;
				CODE_SIGN_IDENTITY = "iPhone Developer";
				COPY_PHASE_STRIP = NO;
				DEBUG_INFORMATION_FORMAT = "dwarf-with-dsym";
				ENABLE_NS_ASSERTIONS = NO;
				ENABLE_STRICT_OBJC_MSGSEND = YES;
				GCC_C_LANGUAGE_STANDARD = gnu11;
				GCC_NO_COMMON_BLOCKS = YES;
				GCC_WARN_64_TO_32_BIT_CONVERSION = YES;
				GCC_WARN_ABOUT_RETURN_TYPE = YES_ERROR;
				GCC_WARN_UNDECLARED_SELECTOR = YES;
				GCC_WARN_UNINITIALIZED_AUTOS = YES_AGGRESSIVE;
				GCC_WARN_UNUSED_FUNCTION = YES;
				GCC_WARN_UNUSED_VARIABLE = YES;
				IPHONEOS_DEPLOYMENT_TARGET = 11.1;
				MTL_ENABLE_DEBUG_INFO = NO;
				MTL_FAST_MATH = YES;
				SDKROOT = iphoneos;
				VALIDATE_PRODUCT = YES;
			};
			name = Release;
		};
		B752D1EB2296962A0035712F /* Debug */ = {
			isa = XCBuildConfiguration;
			baseConfigurationReference = D328451ED3B647DB1A71BA0A /* Pods-ACBScanner.debug.xcconfig */;
			buildSettings = {
				ASSETCATALOG_COMPILER_APPICON_NAME = AppIcon;
				CODE_SIGN_IDENTITY = "iPhone Developer";
				CODE_SIGN_STYLE = Automatic;
				DEVELOPMENT_TEAM = QRM8R826M7;
				GCC_PRECOMPILE_PREFIX_HEADER = YES;
				GCC_PREFIX_HEADER = "$(SRCROOT)/PrefixHeader.pch";
				INFOPLIST_FILE = ACBScanner/Info.plist;
				LD_RUNPATH_SEARCH_PATHS = (
					"$(inherited)",
					"@executable_path/Frameworks",
				);
				PRODUCT_BUNDLE_IDENTIFIER = com.watchdog.www;
				PRODUCT_NAME = "$(TARGET_NAME)";
				PROVISIONING_PROFILE_SPECIFIER = "";
				TARGETED_DEVICE_FAMILY = "1,2";
			};
			name = Debug;
		};
		B752D1EC2296962A0035712F /* Release */ = {
			isa = XCBuildConfiguration;
			baseConfigurationReference = 646E7A9012C8F24E3667D49C /* Pods-ACBScanner.release.xcconfig */;
			buildSettings = {
				ASSETCATALOG_COMPILER_APPICON_NAME = AppIcon;
				CODE_SIGN_IDENTITY = "iPhone Developer";
				CODE_SIGN_STYLE = Automatic;
				DEVELOPMENT_TEAM = QRM8R826M7;
				GCC_PRECOMPILE_PREFIX_HEADER = YES;
				GCC_PREFIX_HEADER = "$(SRCROOT)/PrefixHeader.pch";
				INFOPLIST_FILE = ACBScanner/Info.plist;
				LD_RUNPATH_SEARCH_PATHS = (
					"$(inherited)",
					"@executable_path/Frameworks",
				);
				PRODUCT_BUNDLE_IDENTIFIER = com.watchdog.www;
				PRODUCT_NAME = "$(TARGET_NAME)";
				PROVISIONING_PROFILE_SPECIFIER = "";
				TARGETED_DEVICE_FAMILY = "1,2";
			};
			name = Release;
		};
		B752D1EE2296962A0035712F /* Debug */ = {
			isa = XCBuildConfiguration;
			buildSettings = {
				BUNDLE_LOADER = "$(TEST_HOST)";
				CODE_SIGN_STYLE = Automatic;
				INFOPLIST_FILE = ACBScannerTests/Info.plist;
				LD_RUNPATH_SEARCH_PATHS = (
					"$(inherited)",
					"@executable_path/Frameworks",
					"@loader_path/Frameworks",
				);
				PRODUCT_BUNDLE_IDENTIFIER = JOYEA.ACBScannerTests;
				PRODUCT_NAME = "$(TARGET_NAME)";
				TARGETED_DEVICE_FAMILY = "1,2";
				TEST_HOST = "$(BUILT_PRODUCTS_DIR)/ACBScanner.app/ACBScanner";
			};
			name = Debug;
		};
		B752D1EF2296962A0035712F /* Release */ = {
			isa = XCBuildConfiguration;
			buildSettings = {
				BUNDLE_LOADER = "$(TEST_HOST)";
				CODE_SIGN_STYLE = Automatic;
				INFOPLIST_FILE = ACBScannerTests/Info.plist;
				LD_RUNPATH_SEARCH_PATHS = (
					"$(inherited)",
					"@executable_path/Frameworks",
					"@loader_path/Frameworks",
				);
				PRODUCT_BUNDLE_IDENTIFIER = JOYEA.ACBScannerTests;
				PRODUCT_NAME = "$(TARGET_NAME)";
				TARGETED_DEVICE_FAMILY = "1,2";
				TEST_HOST = "$(BUILT_PRODUCTS_DIR)/ACBScanner.app/ACBScanner";
			};
			name = Release;
		};
		B752D1F12296962A0035712F /* Debug */ = {
			isa = XCBuildConfiguration;
			buildSettings = {
				CODE_SIGN_STYLE = Automatic;
				INFOPLIST_FILE = ACBScannerUITests/Info.plist;
				LD_RUNPATH_SEARCH_PATHS = (
					"$(inherited)",
					"@executable_path/Frameworks",
					"@loader_path/Frameworks",
				);
				PRODUCT_BUNDLE_IDENTIFIER = JOYEA.ACBScannerUITests;
				PRODUCT_NAME = "$(TARGET_NAME)";
				TARGETED_DEVICE_FAMILY = "1,2";
				TEST_TARGET_NAME = ACBScanner;
			};
			name = Debug;
		};
		B752D1F22296962A0035712F /* Release */ = {
			isa = XCBuildConfiguration;
			buildSettings = {
				CODE_SIGN_STYLE = Automatic;
				INFOPLIST_FILE = ACBScannerUITests/Info.plist;
				LD_RUNPATH_SEARCH_PATHS = (
					"$(inherited)",
					"@executable_path/Frameworks",
					"@loader_path/Frameworks",
				);
				PRODUCT_BUNDLE_IDENTIFIER = JOYEA.ACBScannerUITests;
				PRODUCT_NAME = "$(TARGET_NAME)";
				TARGETED_DEVICE_FAMILY = "1,2";
				TEST_TARGET_NAME = ACBScanner;
			};
			name = Release;
		};
/* End XCBuildConfiguration section */

/* Begin XCConfigurationList section */
		B752D1B9229696290035712F /* Build configuration list for PBXProject "ACBScanner" */ = {
			isa = XCConfigurationList;
			buildConfigurations = (
				B752D1E82296962A0035712F /* Debug */,
				B752D1E92296962A0035712F /* Release */,
			);
			defaultConfigurationIsVisible = 0;
			defaultConfigurationName = Release;
		};
		B752D1EA2296962A0035712F /* Build configuration list for PBXNativeTarget "ACBScanner" */ = {
			isa = XCConfigurationList;
			buildConfigurations = (
				B752D1EB2296962A0035712F /* Debug */,
				B752D1EC2296962A0035712F /* Release */,
			);
			defaultConfigurationIsVisible = 0;
			defaultConfigurationName = Release;
		};
		B752D1ED2296962A0035712F /* Build configuration list for PBXNativeTarget "ACBScannerTests" */ = {
			isa = XCConfigurationList;
			buildConfigurations = (
				B752D1EE2296962A0035712F /* Debug */,
				B752D1EF2296962A0035712F /* Release */,
			);
			defaultConfigurationIsVisible = 0;
			defaultConfigurationName = Release;
		};
		B752D1F02296962A0035712F /* Build configuration list for PBXNativeTarget "ACBScannerUITests" */ = {
			isa = XCConfigurationList;
			buildConfigurations = (
				B752D1F12296962A0035712F /* Debug */,
				B752D1F22296962A0035712F /* Release */,
			);
			defaultConfigurationIsVisible = 0;
			defaultConfigurationName = Release;
		};
/* End XCConfigurationList section */
	};
	rootObject = B752D1B6229696290035712F /* Project object */;
}
